
Microsoft Visual Studio Solution File, Format Version 12.00
# Visual Studio 15
Project("{FAE04EC0-301F-11D3-BF4B-00C04F79EFBC}") = "Assembly-CSharp", "Assembly-CSharp.csproj", "{CD6EE6C2-524B-9E56-93D8-8B47E8788419}"
EndProject
Project("{FAE04EC0-301F-11D3-BF4B-00C04F79EFBC}") = "Assembly-CSharp-Editor", "Assembly-CSharp-Editor.csproj", "{D387BFE1-1F9C-33CE-54D4-B4968A879E19}"
EndProject
Global
	GlobalSection(SolutionConfigurationPlatforms) = preSolution
		Debug|Any CPU = Debug|Any CPU
		Release|Any CPU = Release|Any CPU
	EndGlobalSection
	GlobalSection(ProjectConfigurationPlatforms) = postSolution
		{CD6EE6C2-524B-9E56-93D8-8B47E8788419}.Debug|Any CPU.ActiveCfg = Debug|Any CPU
		{CD6EE6C2-524B-9E56-93D8-8B47E8788419}.Debug|Any CPU.Build.0 = Debug|Any CPU
		{CD6EE6C2-524B-9E56-93D8-8B47E8788419}.Release|Any CPU.ActiveCfg = Release|Any CPU
		{CD6EE6C2-524B-9E56-93D8-8B47E8788419}.Release|Any CPU.Build.0 = Release|Any CPU
		{D387BFE1-1F9C-33CE-54D4-B4968A879E19}.Debug|Any CPU.ActiveCfg = Debug|Any CPU
		{D387BFE1-1F9C-33CE-54D4-B4968A879E19}.Debug|Any CPU.Build.0 = Debug|Any CPU
		{D387BFE1-1F9C-33CE-54D4-B4968A879E19}.Release|Any CPU.ActiveCfg = Release|Any CPU
		{D387BFE1-1F9C-33CE-54D4-B4968A879E19}.Release|Any CPU.Build.0 = Release|Any CPU
	EndGlobalSection
	GlobalSection(SolutionProperties) = preSolution
		HideSolutionNode = FALSE
	EndGlobalSection
EndGlobal
